
Microsoft Visual Studio Solution File, Format Version 12.00
# Visual Studio Version 16
VisualStudioVersion = 16.0.31424.327
MinimumVisualStudioVersion = 10.0.40219.1
Project("{FAE04EC0-301F-11D3-BF4B-00C04F79EFBC}") = "Player", "Player\Player.csproj", "{CACBA021-6EBB-4D82-9D46-4542F44980E4}"
EndProject
Global
	GlobalSection(SolutionConfigurationPlatforms) = preSolution
		Debug|Any CPU = Debug|Any CPU
		Release|Any CPU = Release|Any CPU
	EndGlobalSection
	GlobalSection(ProjectConfigurationPlatforms) = postSolution
		{CACBA021-6EBB-4D82-9D46-4542F44980E4}.Debug|Any CPU.ActiveCfg = Debug|Any CPU
		{CACBA021-6EBB-4D82-9D46-4542F44980E4}.Debug|Any CPU.Build.0 = Debug|Any CPU
		{CACBA021-6EBB-4D82-9D46-4542F44980E4}.Release|Any CPU.ActiveCfg = Release|Any CPU
		{CACBA021-6EBB-4D82-9D46-4542F44980E4}.Release|Any CPU.Build.0 = Release|Any CPU
	EndGlobalSection
	GlobalSection(SolutionProperties) = preSolution
		HideSolutionNode = FALSE
	EndGlobalSection
	GlobalSection(ExtensibilityGlobals) = postSolution
		SolutionGuid = {EEEC94F9-3BF1-4DFA-BC06-7355F45C0153}
	EndGlobalSection
EndGlobal
